{
  "name": "video02",
  "version": "1.0.0",
  "lockfileVersion": 2,
  "requires": true,
  "packages": {
    "": {
      "name": "video02",
      "version": "1.0.0",
      "license": "ISC",
      "dependencies": {
        "bycontract": "^2.0.11",
        "luxon": "^3.1.1"
      }
    },
    "node_modules/bycontract": {
      "version": "2.0.11",
      "resolved": "https://registry.npmjs.org/bycontract/-/bycontract-2.0.11.tgz",
      "integrity": "sha512-j05hyOgk4L2YuyLzCMmh87hleW1SwYMwX1ZDfCRAXzGVo1FTQfotBkFQY3M4fwfjk75qCdH7Fr7Pr2Kn/39muw=="
    },
    "node_modules/luxon": {
      "version": "3.1.1",
      "resolved": "https://registry.npmjs.org/luxon/-/luxon-3.1.1.tgz",
      "integrity": "sha512-Ah6DloGmvseB/pX1cAmjbFvyU/pKuwQMQqz7d0yvuDlVYLTs2WeDHQMpC8tGjm1da+BriHROW/OEIT/KfYg6xw==",
      "engines": {
        "node": ">=12"
      }
    }
  },
  "dependencies": {
    "bycontract": {
      "version": "2.0.11",
      "resolved": "https://registry.npmjs.org/bycontract/-/bycontract-2.0.11.tgz",
      "integrity": "sha512-j05hyOgk4L2YuyLzCMmh87hleW1SwYMwX1ZDfCRAXzGVo1FTQfotBkFQY3M4fwfjk75qCdH7Fr7Pr2Kn/39muw=="
    },
    "luxon": {
      "version": "3.1.1",
      "resolved": "https://registry.npmjs.org/luxon/-/luxon-3.1.1.tgz",
      "integrity": "sha512-Ah6DloGmvseB/pX1cAmjbFvyU/pKuwQMQqz7d0yvuDlVYLTs2WeDHQMpC8tGjm1da+BriHROW/OEIT/KfYg6xw=="
    }
  }
}
